
Microsoft Visual Studio Solution File, Format Version 12.00
# Visual Studio Version 17
VisualStudioVersion = 17.7.34003.232
MinimumVisualStudioVersion = 10.0.40219.1
Project("{FAE04EC0-301F-11D3-BF4B-00C04F79EFBC}") = "HelleNetMaui", "HelleNetMaui.csproj", "{D78F1395-E36E-40C0-8F06-D4FDB7F96D22}"
EndProject
Global
	GlobalSection(SolutionConfigurationPlatforms) = preSolution
		Debug|Any CPU = Debug|Any CPU
		Release|Any CPU = Release|Any CPU
	EndGlobalSection
	GlobalSection(ProjectConfigurationPlatforms) = postSolution
		{D78F1395-E36E-40C0-8F06-D4FDB7F96D22}.Debug|Any CPU.ActiveCfg = Debug|Any CPU
		{D78F1395-E36E-40C0-8F06-D4FDB7F96D22}.Debug|Any CPU.Build.0 = Debug|Any CPU
		{D78F1395-E36E-40C0-8F06-D4FDB7F96D22}.Debug|Any CPU.Deploy.0 = Debug|Any CPU
		{D78F1395-E36E-40C0-8F06-D4FDB7F96D22}.Release|Any CPU.ActiveCfg = Release|Any CPU
		{D78F1395-E36E-40C0-8F06-D4FDB7F96D22}.Release|Any CPU.Build.0 = Release|Any CPU
		{D78F1395-E36E-40C0-8F06-D4FDB7F96D22}.Release|Any CPU.Deploy.0 = Release|Any CPU
	EndGlobalSection
	GlobalSection(SolutionProperties) = preSolution
		HideSolutionNode = FALSE
	EndGlobalSection
	GlobalSection(ExtensibilityGlobals) = postSolution
		SolutionGuid = {FB013B4A-2C65-402C-ABFE-132CEA1920AC}
	EndGlobalSection
EndGlobal
